image_version=1.4.2-mudos1
upstream_version=1.4.2
upstream_git_commit=0320b6f3123532e77346292a2d0836e6582f6010
upstream_tag_object=407ce92fb0e97bc817dbc17b1d618de1e113ac45
upstream_image=ghcr.io/doezer/questarr@sha256:6faaf75f484a20805309315dd9eb9f1550b039a668efb89c13fc028c72b45485
node_build_image=node@sha256:725aeba2364a9b16beae49e180d83bd597dbd0b15c47f1f28875c290bfd255b9
patch=0001-nzbget-history-destdir-download-dir.patch
patch_sha256=3bb1bf4ecbd7c3910f2631a35bfaa9030c555a4298a975bd1b104e982612b9c4
build_recipe_commit=TO_BE_BUILT
image_id=TO_BE_BUILT
